{
  "object": {
    "pins": [
      {
        "package": "abseil",
        "repositoryURL": "https://github.com/google/abseil-cpp-binary.git",
        "state": {
          "branch": null,
          "revision": "bfc0b6f81adc06ce5121eb23f628473638d67c5c",
          "version": "1.2022062300.0"
        }
      },
      {
        "package": "Alamofire",
        "repositoryURL": "https://github.com/Alamofire/Alamofire.git",
        "state": {
          "branch": null,
          "revision": "bc268c28fb170f494de9e9927c371b8342979ece",
          "version": "5.7.1"
        }
      },
      {
        "package": "ColorKit",
        "repositoryURL": "https://github.com/Boris-Em/ColorKit.git",
        "state": {
          "branch": "master",
          "revision": "6e4375a6126eac0a29893c607ae318bdbe33310c",
          "version": null
        }
      },
      {
        "package": "combine-schedulers",
        "repositoryURL": "https://github.com/pointfreeco/combine-schedulers",
        "state": {
          "branch": null,
          "revision": "ec62f32d21584214a4b27c8cee2b2ad70ab2c38a",
          "version": "0.11.0"
        }
      },
      {
        "package": "FFmpeg-iOS-Lame",
        "repositoryURL": "https://github.com/kewlbear/FFmpeg-iOS-Lame",
        "state": {
          "branch": null,
          "revision": "1808fa5a1263c5e216646cd8421fc7dcb70520cc",
          "version": "0.0.6-b20230730-000000"
        }
      },
      {
        "package": "FFmpeg-iOS-Support",
        "repositoryURL": "https://github.com/kewlbear/FFmpeg-iOS-Support",
        "state": {
          "branch": null,
          "revision": "be3bd9149ac53760e8725652eee99c405b2be47a",
          "version": "0.0.2"
        }
      },
      {
        "package": "Firebase",
        "repositoryURL": "https://github.com/firebase/firebase-ios-sdk.git",
        "state": {
          "branch": null,
          "revision": "837d4af6ead57cec1fc38007892500d3139c7556",
          "version": "10.16.0"
        }
      },
      {
        "package": "FLEX",
        "repositoryURL": "https://github.com/FLEXTool/FLEX.git",
        "state": {
          "branch": null,
          "revision": "e0acf59d06d498041f65bbea1e5914b6e4b39733",
          "version": "5.22.10"
        }
      },
      {
        "package": "FloatingPanel",
        "repositoryURL": "https://github.com/SCENEE/FloatingPanel",
        "state": {
          "branch": null,
          "revision": "b34f1093defc43027a99834c2135a4381f5c7592",
          "version": "2.6.5"
        }
      },
      {
        "package": "GoogleAppMeasurement",
        "repositoryURL": "https://github.com/google/GoogleAppMeasurement.git",
        "state": {
          "branch": null,
          "revision": "56f681586ff006a7982b53dc94082eea31971acf",
          "version": "10.16.0"
        }
      },
      {
        "package": "GoogleDataTransport",
        "repositoryURL": "https://github.com/google/GoogleDataTransport.git",
        "state": {
          "branch": null,
          "revision": "aae45a320fd0d11811820335b1eabc8753902a40",
          "version": "9.2.5"
        }
      },
      {
        "package": "GoogleUtilities",
        "repositoryURL": "https://github.com/google/GoogleUtilities.git",
        "state": {
          "branch": null,
          "revision": "c38ce365d77b04a9a300c31061c5227589e5597b",
          "version": "7.11.5"
        }
      },
      {
        "package": "gRPC",
        "repositoryURL": "https://github.com/google/grpc-binary.git",
        "state": {
          "branch": null,
          "revision": "a673bc2937fbe886dd1f99c401b01b6d977a9c98",
          "version": "1.49.1"
        }
      },
      {
        "package": "GTMSessionFetcher",
        "repositoryURL": "https://github.com/google/gtm-session-fetcher.git",
        "state": {
          "branch": null,
          "revision": "d415594121c9e8a4f9d79cecee0965cf35e74dbd",
          "version": "3.1.1"
        }
      },
      {
        "package": "InteropForGoogle",
        "repositoryURL": "https://github.com/google/interop-ios-for-google-sdks.git",
        "state": {
          "branch": null,
          "revision": "2d12673670417654f08f5f90fdd62926dc3a2648",
          "version": "100.0.0"
        }
      },
      {
        "package": "Kanna",
        "repositoryURL": "https://github.com/tid-kijyun/Kanna",
        "state": {
          "branch": null,
          "revision": "f9e4922223dd0d3dfbf02ca70812cf5531fc0593",
          "version": "5.2.7"
        }
      },
      {
        "package": "Kingfisher",
        "repositoryURL": "https://github.com/onevcat/Kingfisher.git",
        "state": {
          "branch": null,
          "revision": "c75584ac759cbb16b204d0a7de3ebf53ea6b304d",
          "version": "7.9.0"
        }
      },
      {
        "package": "leveldb",
        "repositoryURL": "https://github.com/firebase/leveldb.git",
        "state": {
          "branch": null,
          "revision": "0706abcc6b0bd9cedfbb015ba840e4a780b5159b",
          "version": "1.22.2"
        }
      },
      {
        "package": "Lottie",
        "repositoryURL": "https://github.com/airbnb/lottie-ios.git",
        "state": {
          "branch": null,
          "revision": "d6feea26a370019b4d3a85f5984cb95a2734776f",
          "version": "4.2.0"
        }
      },
      {
        "package": "MarqueeLabel",
        "repositoryURL": "https://github.com/cbpowell/MarqueeLabel",
        "state": {
          "branch": null,
          "revision": "bc00d4cbff7f6c416035e3d16c21885452cd159e",
          "version": "4.3.1"
        }
      },
      {
        "package": "nanopb",
        "repositoryURL": "https://github.com/firebase/nanopb.git",
        "state": {
          "branch": null,
          "revision": "819d0a2173aff699fb8c364b6fb906f7cdb1a692",
          "version": "2.30909.0"
        }
      },
      {
        "package": "PromiseKit",
        "repositoryURL": "https://github.com/mxcl/PromiseKit",
        "state": {
          "branch": null,
          "revision": "cb70b070cde06837cd10a1febdf6105c1a3bb348",
          "version": "8.1.1"
        }
      },
      {
        "package": "Promises",
        "repositoryURL": "https://github.com/google/promises.git",
        "state": {
          "branch": null,
          "revision": "e70e889c0196c76d22759eb50d6a0270ca9f1d9e",
          "version": "2.3.1"
        }
      },
      {
        "package": "Python-iOS",
        "repositoryURL": "https://github.com/kewlbear/Python-iOS.git",
        "state": {
          "branch": null,
          "revision": "4f3ca2bc0cff1ef2511555eb6114f9eb12e50412",
          "version": "0.1.1-b20230423-090254"
        }
      },
      {
        "package": "PythonKit",
        "repositoryURL": "https://github.com/pvieito/PythonKit.git",
        "state": {
          "branch": null,
          "revision": "81f621d094a7c8923207efe5178f50dba1b56c39",
          "version": "0.3.1"
        }
      },
      {
        "package": "SnapKit",
        "repositoryURL": "https://github.com/SnapKit/SnapKit.git",
        "state": {
          "branch": null,
          "revision": "f222cbdf325885926566172f6f5f06af95473158",
          "version": "5.6.0"
        }
      },
      {
        "package": "swift-concurrency-extras",
        "repositoryURL": "https://github.com/pointfreeco/swift-concurrency-extras",
        "state": {
          "branch": null,
          "revision": "479750bd98fac2e813fffcf2af0728b5b0085795",
          "version": "0.1.1"
        }
      },
      {
        "package": "SwiftProtobuf",
        "repositoryURL": "https://github.com/apple/swift-protobuf.git",
        "state": {
          "branch": null,
          "revision": "3c54ab05249f59f2c6641dd2920b8358ea9ed127",
          "version": "1.24.0"
        }
      },
      {
        "package": "SwiftyJSON",
        "repositoryURL": "https://github.com/SwiftyJSON/SwiftyJSON.git",
        "state": {
          "branch": null,
          "revision": "b3dcd7dbd0d488e1a7077cb33b00f2083e382f07",
          "version": "5.0.1"
        }
      },
      {
        "package": "XCDYouTubeKit",
        "repositoryURL": "https://github.com/kbex-dev/XCDYouTubeKit.git",
        "state": {
          "branch": null,
          "revision": "f2b1b685c375edca711cc2b229f6bf2bb4588611",
          "version": "2.16.0"
        }
      },
      {
        "package": "xctest-dynamic-overlay",
        "repositoryURL": "https://github.com/pointfreeco/xctest-dynamic-overlay",
        "state": {
          "branch": null,
          "revision": "50843cbb8551db836adec2290bb4bc6bac5c1865",
          "version": "0.9.0"
        }
      },
      {
        "package": "YouTubeiOSPlayerHelper",
        "repositoryURL": "https://github.com/youtube/youtube-ios-player-helper.git",
        "state": {
          "branch": null,
          "revision": "f57129cd4380ec0a74dd3a59da3270a1d653d59b",
          "version": "1.0.4"
        }
      }
    ]
  },
  "version": 1
}
